
Microsoft Visual Studio Solution File, Format Version 12.00
# Visual Studio Version 16
VisualStudioVersion = 16.0.31313.79
MinimumVisualStudioVersion = 10.0.40219.1
Project("{FAE04EC0-301F-11D3-BF4B-00C04F79EFBC}") = "GenericDemoCS", "GenericDemoCS.csproj", "{2994964B-75C5-4F82-9588-A1D63769171E}"
EndProject
Global
	GlobalSection(SolutionConfigurationPlatforms) = preSolution
		Debug|Any CPU = Debug|Any CPU
		Release|Any CPU = Release|Any CPU
	EndGlobalSection
	GlobalSection(ProjectConfigurationPlatforms) = postSolution
		{2994964B-75C5-4F82-9588-A1D63769171E}.Debug|Any CPU.ActiveCfg = Debug|Any CPU
		{2994964B-75C5-4F82-9588-A1D63769171E}.Debug|Any CPU.Build.0 = Debug|Any CPU
		{2994964B-75C5-4F82-9588-A1D63769171E}.Release|Any CPU.ActiveCfg = Release|Any CPU
		{2994964B-75C5-4F82-9588-A1D63769171E}.Release|Any CPU.Build.0 = Release|Any CPU
	EndGlobalSection
	GlobalSection(SolutionProperties) = preSolution
		HideSolutionNode = FALSE
	EndGlobalSection
	GlobalSection(ExtensibilityGlobals) = postSolution
		SolutionGuid = {BDBFE94A-11AE-4B3E-B432-58DE10B228D1}
	EndGlobalSection
EndGlobal
